
Microsoft Visual Studio Solution File, Format Version 12.00
# Visual Studio Version 17
VisualStudioVersion = 17.11.35312.102
MinimumVisualStudioVersion = 10.0.40219.1
Project("{8BC9CEB8-8B4A-11D0-8D11-00A0C91BC942}") = "Program", "Program.vcxproj", "{D27B3605-BB88-4BFC-BD48-6B49A8715672}"
EndProject
Project("{8BC9CEB8-8B4A-11D0-8D11-00A0C91BC942}") = "Class1th (Single Linked List)", "..\Class1th (Single Linked List)\Class1th (Single Linked List).vcxproj", "{CDC45700-481F-414A-B18B-517CB7EE553D}"
EndProject
Project("{8BC9CEB8-8B4A-11D0-8D11-00A0C91BC942}") = "Class2th (Double Linked List)", "..\Class2th (Double Linked List)\Class2th (Double Linked List).vcxproj", "{5B4A14B8-92E9-4CD3-A1EB-947D2A4030D5}"
EndProject
Project("{8BC9CEB8-8B4A-11D0-8D11-00A0C91BC942}") = "Class3th (Circle Linked List)", "..\Class3th (Circle Linked List)\Class3th (Circle Linked List).vcxproj", "{20963E12-FAB0-4D8A-A963-89D50E28409B}"
EndProject
Project("{8BC9CEB8-8B4A-11D0-8D11-00A0C91BC942}") = "Class4th (Stack)", "..\Class4th (Stack)\Class4th (Stack).vcxproj", "{81996A7C-AADC-49DA-90F5-1C272B88FACF}"
EndProject
Project("{8BC9CEB8-8B4A-11D0-8D11-00A0C91BC942}") = "Class5th (Linear Queue)", "..\Class5th (Linear Queue)\Class5th (Linear Queue).vcxproj", "{1E03DF6A-BD14-4827-86FD-123876694CFE}"
EndProject
Project("{8BC9CEB8-8B4A-11D0-8D11-00A0C91BC942}") = "Class6th (CircleQueue)", "..\Class6th (CircleQueue)\Class6th (CircleQueue).vcxproj", "{A5D2B168-7DE2-4685-8D56-B7C9C9198E08}"
EndProject
Project("{8BC9CEB8-8B4A-11D0-8D11-00A0C91BC942}") = "Class7th (Vector)", "..\Class7th (Vector)\Class7th (Vector).vcxproj", "{586B4C8F-49CD-4DDC-B4BD-3DF970703D7A}"
EndProject
Project("{8BC9CEB8-8B4A-11D0-8D11-00A0C91BC942}") = "Class8th (String)", "..\Class8th (String)\Class8th (String).vcxproj", "{F6120BA4-5CB4-46CD-A8DE-5C74C12E1730}"
EndProject
Project("{8BC9CEB8-8B4A-11D0-8D11-00A0C91BC942}") = "Class9th (Binary Tree)", "..\Class9th (Binary Tree)\Class9th (Binary Tree).vcxproj", "{EADEAA1E-6D4B-4F95-91D9-6F8CADFFFBA2}"
EndProject
Project("{8BC9CEB8-8B4A-11D0-8D11-00A0C91BC942}") = "Class10th (Hash Table)", "..\Class10th (Hash Table)\Class10th (Hash Table).vcxproj", "{12A5036C-B1FE-46DC-A5BC-372140EEE307}"
EndProject
Project("{8BC9CEB8-8B4A-11D0-8D11-00A0C91BC942}") = "Class11th (Heap)", "..\Class11th (Heap)\Class11th (Heap).vcxproj", "{0D5C4C24-5FC4-4568-B35A-018732294DEA}"
EndProject
Project("{8BC9CEB8-8B4A-11D0-8D11-00A0C91BC942}") = "class12th (Adjancency Matrix)", "..\class12th (Adjancency Matrix)\class12th (Adjancency Matrix).vcxproj", "{0F80A1FD-3501-49B6-B40E-C63BE0EF8211}"
EndProject
Global
	GlobalSection(SolutionConfigurationPlatforms) = preSolution
		Debug|x64 = Debug|x64
		Debug|x86 = Debug|x86
		Release|x64 = Release|x64
		Release|x86 = Release|x86
	EndGlobalSection
	GlobalSection(ProjectConfigurationPlatforms) = postSolution
		{D27B3605-BB88-4BFC-BD48-6B49A8715672}.Debug|x64.ActiveCfg = Debug|x64
		{D27B3605-BB88-4BFC-BD48-6B49A8715672}.Debug|x64.Build.0 = Debug|x64
		{D27B3605-BB88-4BFC-BD48-6B49A8715672}.Debug|x86.ActiveCfg = Debug|Win32
		{D27B3605-BB88-4BFC-BD48-6B49A8715672}.Debug|x86.Build.0 = Debug|Win32
		{D27B3605-BB88-4BFC-BD48-6B49A8715672}.Release|x64.ActiveCfg = Release|x64
		{D27B3605-BB88-4BFC-BD48-6B49A8715672}.Release|x64.Build.0 = Release|x64
		{D27B3605-BB88-4BFC-BD48-6B49A8715672}.Release|x86.ActiveCfg = Release|Win32
		{D27B3605-BB88-4BFC-BD48-6B49A8715672}.Release|x86.Build.0 = Release|Win32
		{CDC45700-481F-414A-B18B-517CB7EE553D}.Debug|x64.ActiveCfg = Debug|x64
		{CDC45700-481F-414A-B18B-517CB7EE553D}.Debug|x64.Build.0 = Debug|x64
		{CDC45700-481F-414A-B18B-517CB7EE553D}.Debug|x86.ActiveCfg = Debug|Win32
		{CDC45700-481F-414A-B18B-517CB7EE553D}.Debug|x86.Build.0 = Debug|Win32
		{CDC45700-481F-414A-B18B-517CB7EE553D}.Release|x64.ActiveCfg = Release|x64
		{CDC45700-481F-414A-B18B-517CB7EE553D}.Release|x64.Build.0 = Release|x64
		{CDC45700-481F-414A-B18B-517CB7EE553D}.Release|x86.ActiveCfg = Release|Win32
		{CDC45700-481F-414A-B18B-517CB7EE553D}.Release|x86.Build.0 = Release|Win32
		{5B4A14B8-92E9-4CD3-A1EB-947D2A4030D5}.Debug|x64.ActiveCfg = Debug|x64
		{5B4A14B8-92E9-4CD3-A1EB-947D2A4030D5}.Debug|x64.Build.0 = Debug|x64
		{5B4A14B8-92E9-4CD3-A1EB-947D2A4030D5}.Debug|x86.ActiveCfg = Debug|Win32
		{5B4A14B8-92E9-4CD3-A1EB-947D2A4030D5}.Debug|x86.Build.0 = Debug|Win32
		{5B4A14B8-92E9-4CD3-A1EB-947D2A4030D5}.Release|x64.ActiveCfg = Release|x64
		{5B4A14B8-92E9-4CD3-A1EB-947D2A4030D5}.Release|x64.Build.0 = Release|x64
		{5B4A14B8-92E9-4CD3-A1EB-947D2A4030D5}.Release|x86.ActiveCfg = Release|Win32
		{5B4A14B8-92E9-4CD3-A1EB-947D2A4030D5}.Release|x86.Build.0 = Release|Win32
		{20963E12-FAB0-4D8A-A963-89D50E28409B}.Debug|x64.ActiveCfg = Debug|x64
		{20963E12-FAB0-4D8A-A963-89D50E28409B}.Debug|x64.Build.0 = Debug|x64
		{20963E12-FAB0-4D8A-A963-89D50E28409B}.Debug|x86.ActiveCfg = Debug|Win32
		{20963E12-FAB0-4D8A-A963-89D50E28409B}.Debug|x86.Build.0 = Debug|Win32
		{20963E12-FAB0-4D8A-A963-89D50E28409B}.Release|x64.ActiveCfg = Release|x64
		{20963E12-FAB0-4D8A-A963-89D50E28409B}.Release|x64.Build.0 = Release|x64
		{20963E12-FAB0-4D8A-A963-89D50E28409B}.Release|x86.ActiveCfg = Release|Win32
		{20963E12-FAB0-4D8A-A963-89D50E28409B}.Release|x86.Build.0 = Release|Win32
		{81996A7C-AADC-49DA-90F5-1C272B88FACF}.Debug|x64.ActiveCfg = Debug|x64
		{81996A7C-AADC-49DA-90F5-1C272B88FACF}.Debug|x64.Build.0 = Debug|x64
		{81996A7C-AADC-49DA-90F5-1C272B88FACF}.Debug|x86.ActiveCfg = Debug|Win32
		{81996A7C-AADC-49DA-90F5-1C272B88FACF}.Debug|x86.Build.0 = Debug|Win32
		{81996A7C-AADC-49DA-90F5-1C272B88FACF}.Release|x64.ActiveCfg = Release|x64
		{81996A7C-AADC-49DA-90F5-1C272B88FACF}.Release|x64.Build.0 = Release|x64
		{81996A7C-AADC-49DA-90F5-1C272B88FACF}.Release|x86.ActiveCfg = Release|Win32
		{81996A7C-AADC-49DA-90F5-1C272B88FACF}.Release|x86.Build.0 = Release|Win32
		{1E03DF6A-BD14-4827-86FD-123876694CFE}.Debug|x64.ActiveCfg = Debug|x64
		{1E03DF6A-BD14-4827-86FD-123876694CFE}.Debug|x64.Build.0 = Debug|x64
		{1E03DF6A-BD14-4827-86FD-123876694CFE}.Debug|x86.ActiveCfg = Debug|Win32
		{1E03DF6A-BD14-4827-86FD-123876694CFE}.Debug|x86.Build.0 = Debug|Win32
		{1E03DF6A-BD14-4827-86FD-123876694CFE}.Release|x64.ActiveCfg = Release|x64
		{1E03DF6A-BD14-4827-86FD-123876694CFE}.Release|x64.Build.0 = Release|x64
		{1E03DF6A-BD14-4827-86FD-123876694CFE}.Release|x86.ActiveCfg = Release|Win32
		{1E03DF6A-BD14-4827-86FD-123876694CFE}.Release|x86.Build.0 = Release|Win32
		{A5D2B168-7DE2-4685-8D56-B7C9C9198E08}.Debug|x64.ActiveCfg = Debug|x64
		{A5D2B168-7DE2-4685-8D56-B7C9C9198E08}.Debug|x64.Build.0 = Debug|x64
		{A5D2B168-7DE2-4685-8D56-B7C9C9198E08}.Debug|x86.ActiveCfg = Debug|Win32
		{A5D2B168-7DE2-4685-8D56-B7C9C9198E08}.Debug|x86.Build.0 = Debug|Win32
		{A5D2B168-7DE2-4685-8D56-B7C9C9198E08}.Release|x64.ActiveCfg = Release|x64
		{A5D2B168-7DE2-4685-8D56-B7C9C9198E08}.Release|x64.Build.0 = Release|x64
		{A5D2B168-7DE2-4685-8D56-B7C9C9198E08}.Release|x86.ActiveCfg = Release|Win32
		{A5D2B168-7DE2-4685-8D56-B7C9C9198E08}.Release|x86.Build.0 = Release|Win32
		{586B4C8F-49CD-4DDC-B4BD-3DF970703D7A}.Debug|x64.ActiveCfg = Debug|x64
		{586B4C8F-49CD-4DDC-B4BD-3DF970703D7A}.Debug|x64.Build.0 = Debug|x64
		{586B4C8F-49CD-4DDC-B4BD-3DF970703D7A}.Debug|x86.ActiveCfg = Debug|Win32
		{586B4C8F-49CD-4DDC-B4BD-3DF970703D7A}.Debug|x86.Build.0 = Debug|Win32
		{586B4C8F-49CD-4DDC-B4BD-3DF970703D7A}.Release|x64.ActiveCfg = Release|x64
		{586B4C8F-49CD-4DDC-B4BD-3DF970703D7A}.Release|x64.Build.0 = Release|x64
		{586B4C8F-49CD-4DDC-B4BD-3DF970703D7A}.Release|x86.ActiveCfg = Release|Win32
		{586B4C8F-49CD-4DDC-B4BD-3DF970703D7A}.Release|x86.Build.0 = Release|Win32
		{F6120BA4-5CB4-46CD-A8DE-5C74C12E1730}.Debug|x64.ActiveCfg = Debug|x64
		{F6120BA4-5CB4-46CD-A8DE-5C74C12E1730}.Debug|x64.Build.0 = Debug|x64
		{F6120BA4-5CB4-46CD-A8DE-5C74C12E1730}.Debug|x86.ActiveCfg = Debug|Win32
		{F6120BA4-5CB4-46CD-A8DE-5C74C12E1730}.Debug|x86.Build.0 = Debug|Win32
		{F6120BA4-5CB4-46CD-A8DE-5C74C12E1730}.Release|x64.ActiveCfg = Release|x64
		{F6120BA4-5CB4-46CD-A8DE-5C74C12E1730}.Release|x64.Build.0 = Release|x64
		{F6120BA4-5CB4-46CD-A8DE-5C74C12E1730}.Release|x86.ActiveCfg = Release|Win32
		{F6120BA4-5CB4-46CD-A8DE-5C74C12E1730}.Release|x86.Build.0 = Release|Win32
		{EADEAA1E-6D4B-4F95-91D9-6F8CADFFFBA2}.Debug|x64.ActiveCfg = Debug|x64
		{EADEAA1E-6D4B-4F95-91D9-6F8CADFFFBA2}.Debug|x64.Build.0 = Debug|x64
		{EADEAA1E-6D4B-4F95-91D9-6F8CADFFFBA2}.Debug|x86.ActiveCfg = Debug|Win32
		{EADEAA1E-6D4B-4F95-91D9-6F8CADFFFBA2}.Debug|x86.Build.0 = Debug|Win32
		{EADEAA1E-6D4B-4F95-91D9-6F8CADFFFBA2}.Release|x64.ActiveCfg = Release|x64
		{EADEAA1E-6D4B-4F95-91D9-6F8CADFFFBA2}.Release|x64.Build.0 = Release|x64
		{EADEAA1E-6D4B-4F95-91D9-6F8CADFFFBA2}.Release|x86.ActiveCfg = Release|Win32
		{EADEAA1E-6D4B-4F95-91D9-6F8CADFFFBA2}.Release|x86.Build.0 = Release|Win32
		{12A5036C-B1FE-46DC-A5BC-372140EEE307}.Debug|x64.ActiveCfg = Debug|x64
		{12A5036C-B1FE-46DC-A5BC-372140EEE307}.Debug|x64.Build.0 = Debug|x64
		{12A5036C-B1FE-46DC-A5BC-372140EEE307}.Debug|x86.ActiveCfg = Debug|Win32
		{12A5036C-B1FE-46DC-A5BC-372140EEE307}.Debug|x86.Build.0 = Debug|Win32
		{12A5036C-B1FE-46DC-A5BC-372140EEE307}.Release|x64.ActiveCfg = Release|x64
		{12A5036C-B1FE-46DC-A5BC-372140EEE307}.Release|x64.Build.0 = Release|x64
		{12A5036C-B1FE-46DC-A5BC-372140EEE307}.Release|x86.ActiveCfg = Release|Win32
		{12A5036C-B1FE-46DC-A5BC-372140EEE307}.Release|x86.Build.0 = Release|Win32
		{0D5C4C24-5FC4-4568-B35A-018732294DEA}.Debug|x64.ActiveCfg = Debug|x64
		{0D5C4C24-5FC4-4568-B35A-018732294DEA}.Debug|x64.Build.0 = Debug|x64
		{0D5C4C24-5FC4-4568-B35A-018732294DEA}.Debug|x86.ActiveCfg = Debug|Win32
		{0D5C4C24-5FC4-4568-B35A-018732294DEA}.Debug|x86.Build.0 = Debug|Win32
		{0D5C4C24-5FC4-4568-B35A-018732294DEA}.Release|x64.ActiveCfg = Release|x64
		{0D5C4C24-5FC4-4568-B35A-018732294DEA}.Release|x64.Build.0 = Release|x64
		{0D5C4C24-5FC4-4568-B35A-018732294DEA}.Release|x86.ActiveCfg = Release|Win32
		{0D5C4C24-5FC4-4568-B35A-018732294DEA}.Release|x86.Build.0 = Release|Win32
		{0F80A1FD-3501-49B6-B40E-C63BE0EF8211}.Debug|x64.ActiveCfg = Debug|x64
		{0F80A1FD-3501-49B6-B40E-C63BE0EF8211}.Debug|x64.Build.0 = Debug|x64
		{0F80A1FD-3501-49B6-B40E-C63BE0EF8211}.Debug|x86.ActiveCfg = Debug|Win32
		{0F80A1FD-3501-49B6-B40E-C63BE0EF8211}.Debug|x86.Build.0 = Debug|Win32
		{0F80A1FD-3501-49B6-B40E-C63BE0EF8211}.Release|x64.ActiveCfg = Release|x64
		{0F80A1FD-3501-49B6-B40E-C63BE0EF8211}.Release|x64.Build.0 = Release|x64
		{0F80A1FD-3501-49B6-B40E-C63BE0EF8211}.Release|x86.ActiveCfg = Release|Win32
		{0F80A1FD-3501-49B6-B40E-C63BE0EF8211}.Release|x86.Build.0 = Release|Win32
	EndGlobalSection
	GlobalSection(SolutionProperties) = preSolution
		HideSolutionNode = FALSE
	EndGlobalSection
	GlobalSection(ExtensibilityGlobals) = postSolution
		SolutionGuid = {BEDE22B8-0930-41CC-B10E-98427D45CDD2}
	EndGlobalSection
EndGlobal
