
Microsoft Visual Studio Solution File, Format Version 12.00
# Visual Studio Version 17
VisualStudioVersion = 17.11.35312.102
MinimumVisualStudioVersion = 10.0.40219.1
Project("{8BC9CEB8-8B4A-11D0-8D11-00A0C91BC942}") = "Program", "Program.vcxproj", "{D27B3605-BB88-4BFC-BD48-6B49A8715672}"
EndProject
Project("{8BC9CEB8-8B4A-11D0-8D11-00A0C91BC942}") = "Class1th (Single Linked List)", "..\Class1th (Single Linked List)\Class1th (Single Linked List).vcxproj", "{CDC45700-481F-414A-B18B-517CB7EE553D}"
EndProject
Project("{8BC9CEB8-8B4A-11D0-8D11-00A0C91BC942}") = "Class2th (Double Linked List)", "..\Class2th (Double Linked List)\Class2th (Double Linked List).vcxproj", "{5B4A14B8-92E9-4CD3-A1EB-947D2A4030D5}"
EndProject
Global
	GlobalSection(SolutionConfigurationPlatforms) = preSolution
		Debug|x64 = Debug|x64
		Debug|x86 = Debug|x86
		Release|x64 = Release|x64
		Release|x86 = Release|x86
	EndGlobalSection
	GlobalSection(ProjectConfigurationPlatforms) = postSolution
		{D27B3605-BB88-4BFC-BD48-6B49A8715672}.Debug|x64.ActiveCfg = Debug|x64
		{D27B3605-BB88-4BFC-BD48-6B49A8715672}.Debug|x64.Build.0 = Debug|x64
		{D27B3605-BB88-4BFC-BD48-6B49A8715672}.Debug|x86.ActiveCfg = Debug|Win32
		{D27B3605-BB88-4BFC-BD48-6B49A8715672}.Debug|x86.Build.0 = Debug|Win32
		{D27B3605-BB88-4BFC-BD48-6B49A8715672}.Release|x64.ActiveCfg = Release|x64
		{D27B3605-BB88-4BFC-BD48-6B49A8715672}.Release|x64.Build.0 = Release|x64
		{D27B3605-BB88-4BFC-BD48-6B49A8715672}.Release|x86.ActiveCfg = Release|Win32
		{D27B3605-BB88-4BFC-BD48-6B49A8715672}.Release|x86.Build.0 = Release|Win32
		{CDC45700-481F-414A-B18B-517CB7EE553D}.Debug|x64.ActiveCfg = Debug|x64
		{CDC45700-481F-414A-B18B-517CB7EE553D}.Debug|x64.Build.0 = Debug|x64
		{CDC45700-481F-414A-B18B-517CB7EE553D}.Debug|x86.ActiveCfg = Debug|Win32
		{CDC45700-481F-414A-B18B-517CB7EE553D}.Debug|x86.Build.0 = Debug|Win32
		{CDC45700-481F-414A-B18B-517CB7EE553D}.Release|x64.ActiveCfg = Release|x64
		{CDC45700-481F-414A-B18B-517CB7EE553D}.Release|x64.Build.0 = Release|x64
		{CDC45700-481F-414A-B18B-517CB7EE553D}.Release|x86.ActiveCfg = Release|Win32
		{CDC45700-481F-414A-B18B-517CB7EE553D}.Release|x86.Build.0 = Release|Win32
		{5B4A14B8-92E9-4CD3-A1EB-947D2A4030D5}.Debug|x64.ActiveCfg = Debug|x64
		{5B4A14B8-92E9-4CD3-A1EB-947D2A4030D5}.Debug|x64.Build.0 = Debug|x64
		{5B4A14B8-92E9-4CD3-A1EB-947D2A4030D5}.Debug|x86.ActiveCfg = Debug|Win32
		{5B4A14B8-92E9-4CD3-A1EB-947D2A4030D5}.Debug|x86.Build.0 = Debug|Win32
		{5B4A14B8-92E9-4CD3-A1EB-947D2A4030D5}.Release|x64.ActiveCfg = Release|x64
		{5B4A14B8-92E9-4CD3-A1EB-947D2A4030D5}.Release|x64.Build.0 = Release|x64
		{5B4A14B8-92E9-4CD3-A1EB-947D2A4030D5}.Release|x86.ActiveCfg = Release|Win32
		{5B4A14B8-92E9-4CD3-A1EB-947D2A4030D5}.Release|x86.Build.0 = Release|Win32
	EndGlobalSection
	GlobalSection(SolutionProperties) = preSolution
		HideSolutionNode = FALSE
	EndGlobalSection
	GlobalSection(ExtensibilityGlobals) = postSolution
		SolutionGuid = {BEDE22B8-0930-41CC-B10E-98427D45CDD2}
	EndGlobalSection
EndGlobal
